
Microsoft Visual Studio Solution File, Format Version 12.00
# Visual Studio Version 16
VisualStudioVersion = 16.0.30711.63
MinimumVisualStudioVersion = 10.0.40219.1
Project("{FAE04EC0-301F-11D3-BF4B-00C04F79EFBC}") = "KFC", "KFC\KFC.csproj", "{B2A01B8E-A1B4-4203-8F58-15C0D150FB6F}"
EndProject
Project("{FAE04EC0-301F-11D3-BF4B-00C04F79EFBC}") = "TestKFC", "TestKFC\TestKFC.csproj", "{46CA5ECF-7E12-435E-B6CB-FCA07F4FAC47}"
EndProject
Global
	GlobalSection(SolutionConfigurationPlatforms) = preSolution
		Debug|Any CPU = Debug|Any CPU
		Release|Any CPU = Release|Any CPU
	EndGlobalSection
	GlobalSection(ProjectConfigurationPlatforms) = postSolution
		{B2A01B8E-A1B4-4203-8F58-15C0D150FB6F}.Debug|Any CPU.ActiveCfg = Debug|Any CPU
		{B2A01B8E-A1B4-4203-8F58-15C0D150FB6F}.Debug|Any CPU.Build.0 = Debug|Any CPU
		{B2A01B8E-A1B4-4203-8F58-15C0D150FB6F}.Release|Any CPU.ActiveCfg = Release|Any CPU
		{B2A01B8E-A1B4-4203-8F58-15C0D150FB6F}.Release|Any CPU.Build.0 = Release|Any CPU
		{46CA5ECF-7E12-435E-B6CB-FCA07F4FAC47}.Debug|Any CPU.ActiveCfg = Debug|Any CPU
		{46CA5ECF-7E12-435E-B6CB-FCA07F4FAC47}.Debug|Any CPU.Build.0 = Debug|Any CPU
		{46CA5ECF-7E12-435E-B6CB-FCA07F4FAC47}.Release|Any CPU.ActiveCfg = Release|Any CPU
		{46CA5ECF-7E12-435E-B6CB-FCA07F4FAC47}.Release|Any CPU.Build.0 = Release|Any CPU
	EndGlobalSection
	GlobalSection(SolutionProperties) = preSolution
		HideSolutionNode = FALSE
	EndGlobalSection
	GlobalSection(ExtensibilityGlobals) = postSolution
		SolutionGuid = {4F046E41-6117-437E-A2DF-0EDFDDCE4C78}
	EndGlobalSection
EndGlobal
